
Microsoft Visual Studio Solution File, Format Version 12.00
# Visual Studio Version 17
VisualStudioVersion = 17.12.35707.178 d17.12
MinimumVisualStudioVersion = 10.0.40219.1
Project("{FAE04EC0-301F-11D3-BF4B-00C04F79EFBC}") = "SNFProtocol", "SNFProtocol\SNFProtocol.csproj", "{ED5324C9-44D6-46EE-B464-47A0422CD0B3}"
EndProject
Project("{FAE04EC0-301F-11D3-BF4B-00C04F79EFBC}") = "Sesion1_2", "Sesion1_2\Sesion1_2.csproj", "{3FE01975-4EF9-450C-B85C-CD1361436295}"
EndProject
Project("{FAE04EC0-301F-11D3-BF4B-00C04F79EFBC}") = "SNFProtocol.Tests", "SNFProtocol.Tests\SNFProtocol.Tests.csproj", "{F6E4B562-0239-4894-B320-353558AE42A6}"
EndProject
Global
	GlobalSection(SolutionConfigurationPlatforms) = preSolution
		Debug|Any CPU = Debug|Any CPU
		Release|Any CPU = Release|Any CPU
	EndGlobalSection
	GlobalSection(ProjectConfigurationPlatforms) = postSolution
		{ED5324C9-44D6-46EE-B464-47A0422CD0B3}.Debug|Any CPU.ActiveCfg = Debug|Any CPU
		{ED5324C9-44D6-46EE-B464-47A0422CD0B3}.Debug|Any CPU.Build.0 = Debug|Any CPU
		{ED5324C9-44D6-46EE-B464-47A0422CD0B3}.Release|Any CPU.ActiveCfg = Release|Any CPU
		{ED5324C9-44D6-46EE-B464-47A0422CD0B3}.Release|Any CPU.Build.0 = Release|Any CPU
		{3FE01975-4EF9-450C-B85C-CD1361436295}.Debug|Any CPU.ActiveCfg = Debug|Any CPU
		{3FE01975-4EF9-450C-B85C-CD1361436295}.Debug|Any CPU.Build.0 = Debug|Any CPU
		{3FE01975-4EF9-450C-B85C-CD1361436295}.Release|Any CPU.ActiveCfg = Release|Any CPU
		{3FE01975-4EF9-450C-B85C-CD1361436295}.Release|Any CPU.Build.0 = Release|Any CPU
		{F6E4B562-0239-4894-B320-353558AE42A6}.Debug|Any CPU.ActiveCfg = Debug|Any CPU
		{F6E4B562-0239-4894-B320-353558AE42A6}.Debug|Any CPU.Build.0 = Debug|Any CPU
		{F6E4B562-0239-4894-B320-353558AE42A6}.Release|Any CPU.ActiveCfg = Release|Any CPU
		{F6E4B562-0239-4894-B320-353558AE42A6}.Release|Any CPU.Build.0 = Release|Any CPU
	EndGlobalSection
	GlobalSection(SolutionProperties) = preSolution
		HideSolutionNode = FALSE
	EndGlobalSection
EndGlobal
